
Microsoft Visual Studio Solution File, Format Version 12.00
# Visual Studio Version 16
VisualStudioVersion = 16.0.30907.101
MinimumVisualStudioVersion = 10.0.40219.1
Project("{9A19103F-16F7-4668-BE54-9A1E7A4F7556}") = "BaristaApi", "BaristaApi\BaristaApi.csproj", "{A7E65516-9821-4717-9AB8-764A59C33CD7}"
EndProject
Project("{9A19103F-16F7-4668-BE54-9A1E7A4F7556}") = "BaristaApi.Test", "BaristaApi.Test\BaristaApi.Test.csproj", "{CBE2048B-D7F2-44CB-AC1A-A6C8E1BC1705}"
EndProject
Global
	GlobalSection(SolutionConfigurationPlatforms) = preSolution
		Debug|Any CPU = Debug|Any CPU
		Release|Any CPU = Release|Any CPU
	EndGlobalSection
	GlobalSection(ProjectConfigurationPlatforms) = postSolution
		{A7E65516-9821-4717-9AB8-764A59C33CD7}.Debug|Any CPU.ActiveCfg = Debug|Any CPU
		{A7E65516-9821-4717-9AB8-764A59C33CD7}.Debug|Any CPU.Build.0 = Debug|Any CPU
		{A7E65516-9821-4717-9AB8-764A59C33CD7}.Release|Any CPU.ActiveCfg = Release|Any CPU
		{A7E65516-9821-4717-9AB8-764A59C33CD7}.Release|Any CPU.Build.0 = Release|Any CPU
		{CBE2048B-D7F2-44CB-AC1A-A6C8E1BC1705}.Debug|Any CPU.ActiveCfg = Debug|Any CPU
		{CBE2048B-D7F2-44CB-AC1A-A6C8E1BC1705}.Debug|Any CPU.Build.0 = Debug|Any CPU
		{CBE2048B-D7F2-44CB-AC1A-A6C8E1BC1705}.Release|Any CPU.ActiveCfg = Release|Any CPU
		{CBE2048B-D7F2-44CB-AC1A-A6C8E1BC1705}.Release|Any CPU.Build.0 = Release|Any CPU
	EndGlobalSection
	GlobalSection(SolutionProperties) = preSolution
		HideSolutionNode = FALSE
	EndGlobalSection
	GlobalSection(ExtensibilityGlobals) = postSolution
		SolutionGuid = {8BB102FD-59A8-4761-975D-255A01BFF3B3}
	EndGlobalSection
EndGlobal
